// !$*UTF8*$!
{
	archiveVersion = 1;
	classes = {
	};
	objectVersion = 46;
	objects = {

/* Begin PBXBuildFile section */
		CA17BB5AC81C4BC85B2CC557 /* libPods-MovieAndITests.a in Frameworks */ = {isa = PBXBuildFile; fileRef = 9C726781BF648FD84B5F2467 /* libPods-MovieAndITests.a */; };
		CB00E2CC1BCBE789005C8BFA /* Color+Hex.m in Sources */ = {isa = PBXBuildFile; fileRef = CB00E2CB1BCBE789005C8BFA /* Color+Hex.m */; settings = {ASSET_TAGS = (); }; };
		CB00E2CF1BCBE850005C8BFA /* CAPSPageMenu.m in Sources */ = {isa = PBXBuildFile; fileRef = CB00E2CE1BCBE850005C8BFA /* CAPSPageMenu.m */; settings = {ASSET_TAGS = (); }; };
		CB0980131BBE295D00679768 /* main.m in Sources */ = {isa = PBXBuildFile; fileRef = CB0980121BBE295D00679768 /* main.m */; };
		CB0980161BBE295D00679768 /* AppDelegate.m in Sources */ = {isa = PBXBuildFile; fileRef = CB0980151BBE295D00679768 /* AppDelegate.m */; };
		CB0980211BBE295D00679768 /* Assets.xcassets in Resources */ = {isa = PBXBuildFile; fileRef = CB0980201BBE295D00679768 /* Assets.xcassets */; };
		CB09802F1BBE295E00679768 /* MovieAndITests.m in Sources */ = {isa = PBXBuildFile; fileRef = CB09802E1BBE295E00679768 /* MovieAndITests.m */; };
		CB09803A1BBE295E00679768 /* MovieAndIUITests.m in Sources */ = {isa = PBXBuildFile; fileRef = CB0980391BBE295E00679768 /* MovieAndIUITests.m */; };
		CB09804D1BBE391000679768 /* ZYXTMDBClient.m in Sources */ = {isa = PBXBuildFile; fileRef = CB09804C1BBE391000679768 /* ZYXTMDBClient.m */; settings = {ASSET_TAGS = (); }; };
		CB0DF06F1BC95DDD00273861 /* ZYXConfig.m in Sources */ = {isa = PBXBuildFile; fileRef = CB0DF06E1BC95DDD00273861 /* ZYXConfig.m */; settings = {ASSET_TAGS = (); }; };
		CB2AF7891BC1F55400075802 /* TMDBClientTest.m in Sources */ = {isa = PBXBuildFile; fileRef = CB2AF7881BC1F55400075802 /* TMDBClientTest.m */; settings = {ASSET_TAGS = (); }; };
		CB2ED3E01BC2980500DAB877 /* StoryBoardUtilities.m in Sources */ = {isa = PBXBuildFile; fileRef = CB2ED3DF1BC2980500DAB877 /* StoryBoardUtilities.m */; settings = {ASSET_TAGS = (); }; };
		CB2ED3E81BC299BC00DAB877 /* ZYXTabBarController.m in Sources */ = {isa = PBXBuildFile; fileRef = CB2ED3E71BC299BC00DAB877 /* ZYXTabBarController.m */; settings = {ASSET_TAGS = (); }; };
		CB2ED3EE1BC2A5FB00DAB877 /* ZYXTMDBClient+ZYXConvenience.m in Sources */ = {isa = PBXBuildFile; fileRef = CB2ED3ED1BC2A5FB00DAB877 /* ZYXTMDBClient+ZYXConvenience.m */; settings = {ASSET_TAGS = (); }; };
		CB2ED3F11BC2AC3000DAB877 /* ZYXAuthViewController.m in Sources */ = {isa = PBXBuildFile; fileRef = CB2ED3F01BC2AC3000DAB877 /* ZYXAuthViewController.m */; settings = {ASSET_TAGS = (); }; };
		CB2ED3FC1BC2C70D00DAB877 /* ZYXTMDBClient+ZYXConstants.m in Sources */ = {isa = PBXBuildFile; fileRef = CB2ED3FB1BC2C70D00DAB877 /* ZYXTMDBClient+ZYXConstants.m */; settings = {ASSET_TAGS = (); }; };
		CB3468941BCA9C3D002F2955 /* MovieList.storyboard in Resources */ = {isa = PBXBuildFile; fileRef = CB3468931BCA9C3D002F2955 /* MovieList.storyboard */; settings = {ASSET_TAGS = (); }; };
		CB4E4AAD1BC21731004B9382 /* SignIn.storyboard in Resources */ = {isa = PBXBuildFile; fileRef = CB4E4AAC1BC21731004B9382 /* SignIn.storyboard */; settings = {ASSET_TAGS = (); }; };
		CB4E4AAF1BC21F33004B9382 /* LaunchScreen.storyboard in Resources */ = {isa = PBXBuildFile; fileRef = CB4E4AAE1BC21F33004B9382 /* LaunchScreen.storyboard */; settings = {ASSET_TAGS = (); }; };
		CB4E4AB61BC2200B004B9382 /* ZYXSignInViewController.m in Sources */ = {isa = PBXBuildFile; fileRef = CB4E4AB51BC2200B004B9382 /* ZYXSignInViewController.m */; settings = {ASSET_TAGS = (); }; };
		CB4E4AB91BC229F5004B9382 /* borderedButton.m in Sources */ = {isa = PBXBuildFile; fileRef = CB4E4AB81BC229F5004B9382 /* borderedButton.m */; settings = {ASSET_TAGS = (); }; };
		CB68C8321BC532EB007E23DB /* TabBarController.storyboard in Resources */ = {isa = PBXBuildFile; fileRef = CB68C8311BC532EB007E23DB /* TabBarController.storyboard */; settings = {ASSET_TAGS = (); }; };
		CB68C8371BC55A70007E23DB /* DiscoverPage.storyboard in Resources */ = {isa = PBXBuildFile; fileRef = CB68C8361BC55A70007E23DB /* DiscoverPage.storyboard */; settings = {ASSET_TAGS = (); }; };
		CB68C83A1BC55AC5007E23DB /* ZYXDiscoverPageViewController.m in Sources */ = {isa = PBXBuildFile; fileRef = CB68C8391BC55AC5007E23DB /* ZYXDiscoverPageViewController.m */; settings = {ASSET_TAGS = (); }; };
		CB68C8471BC563CB007E23DB /* ZYXMovieListViewController.m in Sources */ = {isa = PBXBuildFile; fileRef = CB68C8461BC563CB007E23DB /* ZYXMovieListViewController.m */; settings = {ASSET_TAGS = (); }; };
		CB68C8501BC56B68007E23DB /* ZYXCollectionViewLayout.m in Sources */ = {isa = PBXBuildFile; fileRef = CB68C84F1BC56B68007E23DB /* ZYXCollectionViewLayout.m */; settings = {ASSET_TAGS = (); }; };
		CBC4434F1BC8A2D2001C196A /* ZYXPages.m in Sources */ = {isa = PBXBuildFile; fileRef = CBC4434E1BC8A2D2001C196A /* ZYXPages.m */; settings = {ASSET_TAGS = (); }; };
		CBC443531BC8B404001C196A /* ZYXNetworkLoadingViewController.m in Sources */ = {isa = PBXBuildFile; fileRef = CBC443521BC8B404001C196A /* ZYXNetworkLoadingViewController.m */; settings = {ASSET_TAGS = (); }; };
		CBC443561BC8BBC9001C196A /* ZYXActivityIndicator.m in Sources */ = {isa = PBXBuildFile; fileRef = CBC443551BC8BBC9001C196A /* ZYXActivityIndicator.m */; settings = {ASSET_TAGS = (); }; };
		CBC9E6B11BC754A400626613 /* User.m in Sources */ = {isa = PBXBuildFile; fileRef = CBC9E6B01BC754A400626613 /* User.m */; settings = {ASSET_TAGS = (); }; };
		CBC9E6B51BC756AB00626613 /* Movie.m in Sources */ = {isa = PBXBuildFile; fileRef = CBC9E6B41BC756AB00626613 /* Movie.m */; settings = {ASSET_TAGS = (); }; };
		CBC9E6B91BC758D700626613 /* List.m in Sources */ = {isa = PBXBuildFile; fileRef = CBC9E6B81BC758D700626613 /* List.m */; settings = {ASSET_TAGS = (); }; };
		CBC9E6BD1BC76B2100626613 /* Client.m in Sources */ = {isa = PBXBuildFile; fileRef = CBC9E6BC1BC76B2100626613 /* Client.m */; settings = {ASSET_TAGS = (); }; };
		CBC9E6C71BC7EBB600626613 /* ZYXMovieCollectionViewCell.m in Sources */ = {isa = PBXBuildFile; fileRef = CBC9E6C61BC7EBB600626613 /* ZYXMovieCollectionViewCell.m */; settings = {ASSET_TAGS = (); }; };
		CBF7CF7C1BCB423D00E88181 /* MovieDetails.storyboard in Resources */ = {isa = PBXBuildFile; fileRef = CBF7CF7B1BCB423D00E88181 /* MovieDetails.storyboard */; settings = {ASSET_TAGS = (); }; };
		CBF7CF7F1BCB456400E88181 /* ZYXMovieListRefreshView.m in Sources */ = {isa = PBXBuildFile; fileRef = CBF7CF7E1BCB456400E88181 /* ZYXMovieListRefreshView.m */; settings = {ASSET_TAGS = (); }; };
		CBF7CF831BCB606500E88181 /* ZYXMovieDetailRefreshItem.m in Sources */ = {isa = PBXBuildFile; fileRef = CBF7CF821BCB606500E88181 /* ZYXMovieDetailRefreshItem.m */; settings = {ASSET_TAGS = (); }; };
		D8E3902729235BD7DFF9548E /* Pods_MovieAndI.framework in Frameworks */ = {isa = PBXBuildFile; fileRef = E49610AFB1F024950CCD69F5 /* Pods_MovieAndI.framework */; };
/* End PBXBuildFile section */

/* Begin PBXContainerItemProxy section */
		CB09802B1BBE295E00679768 /* PBXContainerItemProxy */ = {
			isa = PBXContainerItemProxy;
			containerPortal = CB0980061BBE295D00679768 /* Project object */;
			proxyType = 1;
			remoteGlobalIDString = CB09800D1BBE295D00679768;
			remoteInfo = MovieAndI;
		};
		CB0980361BBE295E00679768 /* PBXContainerItemProxy */ = {
			isa = PBXContainerItemProxy;
			containerPortal = CB0980061BBE295D00679768 /* Project object */;
			proxyType = 1;
			remoteGlobalIDString = CB09800D1BBE295D00679768;
			remoteInfo = MovieAndI;
		};
/* End PBXContainerItemProxy section */

/* Begin PBXFileReference section */
		8395CAD01B667400930C18AC /* Pods-MovieAndI.debug.xcconfig */ = {isa = PBXFileReference; includeInIndex = 1; lastKnownFileType = text.xcconfig; name = "Pods-MovieAndI.debug.xcconfig"; path = "Pods/Target Support Files/Pods-MovieAndI/Pods-MovieAndI.debug.xcconfig"; sourceTree = "<group>"; };
		8F485A0506138B3282EA233C /* Pods-MovieAndITests.release.xcconfig */ = {isa = PBXFileReference; includeInIndex = 1; lastKnownFileType = text.xcconfig; name = "Pods-MovieAndITests.release.xcconfig"; path = "Pods/Target Support Files/Pods-MovieAndITests/Pods-MovieAndITests.release.xcconfig"; sourceTree = "<group>"; };
		9C726781BF648FD84B5F2467 /* libPods-MovieAndITests.a */ = {isa = PBXFileReference; explicitFileType = archive.ar; includeInIndex = 0; path = "libPods-MovieAndITests.a"; sourceTree = BUILT_PRODUCTS_DIR; };
		B73F5E4CE2E4D45B2AE4632F /* Pods-MovieAndITests.debug.xcconfig */ = {isa = PBXFileReference; includeInIndex = 1; lastKnownFileType = text.xcconfig; name = "Pods-MovieAndITests.debug.xcconfig"; path = "Pods/Target Support Files/Pods-MovieAndITests/Pods-MovieAndITests.debug.xcconfig"; sourceTree = "<group>"; };
		CB00E2CA1BCBE789005C8BFA /* Color+Hex.h */ = {isa = PBXFileReference; fileEncoding = 4; lastKnownFileType = sourcecode.c.h; path = "Color+Hex.h"; sourceTree = "<group>"; };
		CB00E2CB1BCBE789005C8BFA /* Color+Hex.m */ = {isa = PBXFileReference; fileEncoding = 4; lastKnownFileType = sourcecode.c.objc; path = "Color+Hex.m"; sourceTree = "<group>"; };
		CB00E2CD1BCBE850005C8BFA /* CAPSPageMenu.h */ = {isa = PBXFileReference; fileEncoding = 4; lastKnownFileType = sourcecode.c.h; path = CAPSPageMenu.h; sourceTree = "<group>"; };
		CB00E2CE1BCBE850005C8BFA /* CAPSPageMenu.m */ = {isa = PBXFileReference; fileEncoding = 4; lastKnownFileType = sourcecode.c.objc; path = CAPSPageMenu.m; sourceTree = "<group>"; };
		CB09800E1BBE295D00679768 /* MovieAndI.app */ = {isa = PBXFileReference; explicitFileType = wrapper.application; includeInIndex = 0; path = MovieAndI.app; sourceTree = BUILT_PRODUCTS_DIR; };
		CB0980121BBE295D00679768 /* main.m */ = {isa = PBXFileReference; lastKnownFileType = sourcecode.c.objc; path = main.m; sourceTree = "<group>"; };
		CB0980141BBE295D00679768 /* AppDelegate.h */ = {isa = PBXFileReference; lastKnownFileType = sourcecode.c.h; path = AppDelegate.h; sourceTree = "<group>"; };
		CB0980151BBE295D00679768 /* AppDelegate.m */ = {isa = PBXFileReference; lastKnownFileType = sourcecode.c.objc; path = AppDelegate.m; sourceTree = "<group>"; };
		CB0980201BBE295D00679768 /* Assets.xcassets */ = {isa = PBXFileReference; lastKnownFileType = folder.assetcatalog; path = Assets.xcassets; sourceTree = "<group>"; };
		CB0980251BBE295D00679768 /* Info.plist */ = {isa = PBXFileReference; lastKnownFileType = text.plist.xml; path = Info.plist; sourceTree = "<group>"; };
		CB09802A1BBE295E00679768 /* MovieAndITests.xctest */ = {isa = PBXFileReference; explicitFileType = wrapper.cfbundle; includeInIndex = 0; path = MovieAndITests.xctest; sourceTree = BUILT_PRODUCTS_DIR; };
		CB09802E1BBE295E00679768 /* MovieAndITests.m */ = {isa = PBXFileReference; lastKnownFileType = sourcecode.c.objc; path = MovieAndITests.m; sourceTree = "<group>"; };
		CB0980301BBE295E00679768 /* Info.plist */ = {isa = PBXFileReference; lastKnownFileType = text.plist.xml; path = Info.plist; sourceTree = "<group>"; };
		CB0980351BBE295E00679768 /* MovieAndIUITests.xctest */ = {isa = PBXFileReference; explicitFileType = wrapper.cfbundle; includeInIndex = 0; path = MovieAndIUITests.xctest; sourceTree = BUILT_PRODUCTS_DIR; };
		CB0980391BBE295E00679768 /* MovieAndIUITests.m */ = {isa = PBXFileReference; lastKnownFileType = sourcecode.c.objc; path = MovieAndIUITests.m; sourceTree = "<group>"; };
		CB09803B1BBE295E00679768 /* Info.plist */ = {isa = PBXFileReference; lastKnownFileType = text.plist.xml; path = Info.plist; sourceTree = "<group>"; };
		CB09804B1BBE391000679768 /* ZYXTMDBClient.h */ = {isa = PBXFileReference; fileEncoding = 4; lastKnownFileType = sourcecode.c.h; name = ZYXTMDBClient.h; path = Networking/ZYXTMDBClient.h; sourceTree = "<group>"; };
		CB09804C1BBE391000679768 /* ZYXTMDBClient.m */ = {isa = PBXFileReference; fileEncoding = 4; lastKnownFileType = sourcecode.c.objc; name = ZYXTMDBClient.m; path = Networking/ZYXTMDBClient.m; sourceTree = "<group>"; };
		CB0DF06D1BC95DDD00273861 /* ZYXConfig.h */ = {isa = PBXFileReference; fileEncoding = 4; lastKnownFileType = sourcecode.c.h; path = ZYXConfig.h; sourceTree = "<group>"; };
		CB0DF06E1BC95DDD00273861 /* ZYXConfig.m */ = {isa = PBXFileReference; fileEncoding = 4; lastKnownFileType = sourcecode.c.objc; path = ZYXConfig.m; sourceTree = "<group>"; };
		CB2AF7881BC1F55400075802 /* TMDBClientTest.m */ = {isa = PBXFileReference; fileEncoding = 4; lastKnownFileType = sourcecode.c.objc; path = TMDBClientTest.m; sourceTree = "<group>"; };
		CB2ED3DE1BC2980500DAB877 /* StoryBoardUtilities.h */ = {isa = PBXFileReference; fileEncoding = 4; lastKnownFileType = sourcecode.c.h; path = StoryBoardUtilities.h; sourceTree = "<group>"; };
		CB2ED3DF1BC2980500DAB877 /* StoryBoardUtilities.m */ = {isa = PBXFileReference; fileEncoding = 4; lastKnownFileType = sourcecode.c.objc; path = StoryBoardUtilities.m; sourceTree = "<group>"; };
		CB2ED3E61BC299BC00DAB877 /* ZYXTabBarController.h */ = {isa = PBXFileReference; fileEncoding = 4; lastKnownFileType = sourcecode.c.h; name = ZYXTabBarController.h; path = Controller/ZYXTabBarController.h; sourceTree = "<group>"; };
		CB2ED3E71BC299BC00DAB877 /* ZYXTabBarController.m */ = {isa = PBXFileReference; fileEncoding = 4; lastKnownFileType = sourcecode.c.objc; name = ZYXTabBarController.m; path = Controller/ZYXTabBarController.m; sourceTree = "<group>"; };
		CB2ED3EC1BC2A5FB00DAB877 /* ZYXTMDBClient+ZYXConvenience.h */ = {isa = PBXFileReference; fileEncoding = 4; lastKnownFileType = sourcecode.c.h; name = "ZYXTMDBClient+ZYXConvenience.h"; path = "Networking/ZYXTMDBClient+ZYXConvenience.h"; sourceTree = "<group>"; };
		CB2ED3ED1BC2A5FB00DAB877 /* ZYXTMDBClient+ZYXConvenience.m */ = {isa = PBXFileReference; fileEncoding = 4; lastKnownFileType = sourcecode.c.objc; name = "ZYXTMDBClient+ZYXConvenience.m"; path = "Networking/ZYXTMDBClient+ZYXConvenience.m"; sourceTree = "<group>"; };
		CB2ED3EF1BC2AC3000DAB877 /* ZYXAuthViewController.h */ = {isa = PBXFileReference; fileEncoding = 4; lastKnownFileType = sourcecode.c.h; name = ZYXAuthViewController.h; path = Controller/ZYXAuthViewController.h; sourceTree = "<group>"; };
		CB2ED3F01BC2AC3000DAB877 /* ZYXAuthViewController.m */ = {isa = PBXFileReference; fileEncoding = 4; lastKnownFileType = sourcecode.c.objc; name = ZYXAuthViewController.m; path = Controller/ZYXAuthViewController.m; sourceTree = "<group>"; };
		CB2ED3FA1BC2C70D00DAB877 /* ZYXTMDBClient+ZYXConstants.h */ = {isa = PBXFileReference; fileEncoding = 4; lastKnownFileType = sourcecode.c.h; name = "ZYXTMDBClient+ZYXConstants.h"; path = "Networking/ZYXTMDBClient+ZYXConstants.h"; sourceTree = "<group>"; };
		CB2ED3FB1BC2C70D00DAB877 /* ZYXTMDBClient+ZYXConstants.m */ = {isa = PBXFileReference; fileEncoding = 4; lastKnownFileType = sourcecode.c.objc; name = "ZYXTMDBClient+ZYXConstants.m"; path = "Networking/ZYXTMDBClient+ZYXConstants.m"; sourceTree = "<group>"; };
		CB3468931BCA9C3D002F2955 /* MovieList.storyboard */ = {isa = PBXFileReference; fileEncoding = 4; lastKnownFileType = file.storyboard; path = MovieList.storyboard; sourceTree = "<group>"; };
		CB4E4AAC1BC21731004B9382 /* SignIn.storyboard */ = {isa = PBXFileReference; fileEncoding = 4; lastKnownFileType = file.storyboard; path = SignIn.storyboard; sourceTree = "<group>"; };
		CB4E4AAE1BC21F33004B9382 /* LaunchScreen.storyboard */ = {isa = PBXFileReference; fileEncoding = 4; lastKnownFileType = file.storyboard; path = LaunchScreen.storyboard; sourceTree = "<group>"; };
		CB4E4AB41BC2200B004B9382 /* ZYXSignInViewController.h */ = {isa = PBXFileReference; fileEncoding = 4; lastKnownFileType = sourcecode.c.h; name = ZYXSignInViewController.h; path = Controller/ZYXSignInViewController.h; sourceTree = "<group>"; };
		CB4E4AB51BC2200B004B9382 /* ZYXSignInViewController.m */ = {isa = PBXFileReference; fileEncoding = 4; lastKnownFileType = sourcecode.c.objc; name = ZYXSignInViewController.m; path = Controller/ZYXSignInViewController.m; sourceTree = "<group>"; };
		CB4E4AB71BC229F5004B9382 /* borderedButton.h */ = {isa = PBXFileReference; fileEncoding = 4; lastKnownFileType = sourcecode.c.h; name = borderedButton.h; path = View/borderedButton.h; sourceTree = "<group>"; };
		CB4E4AB81BC229F5004B9382 /* borderedButton.m */ = {isa = PBXFileReference; fileEncoding = 4; lastKnownFileType = sourcecode.c.objc; name = borderedButton.m; path = View/borderedButton.m; sourceTree = "<group>"; };
		CB68C8311BC532EB007E23DB /* TabBarController.storyboard */ = {isa = PBXFileReference; fileEncoding = 4; lastKnownFileType = file.storyboard; path = TabBarController.storyboard; sourceTree = "<group>"; };
		CB68C8361BC55A70007E23DB /* DiscoverPage.storyboard */ = {isa = PBXFileReference; fileEncoding = 4; lastKnownFileType = file.storyboard; path = DiscoverPage.storyboard; sourceTree = "<group>"; };
		CB68C8381BC55AC5007E23DB /* ZYXDiscoverPageViewController.h */ = {isa = PBXFileReference; fileEncoding = 4; lastKnownFileType = sourcecode.c.h; name = ZYXDiscoverPageViewController.h; path = Controller/ZYXDiscoverPageViewController.h; sourceTree = "<group>"; };
		CB68C8391BC55AC5007E23DB /* ZYXDiscoverPageViewController.m */ = {isa = PBXFileReference; fileEncoding = 4; lastKnownFileType = sourcecode.c.objc; name = ZYXDiscoverPageViewController.m; path = Controller/ZYXDiscoverPageViewController.m; sourceTree = "<group>"; };
		CB68C8451BC563CB007E23DB /* ZYXMovieListViewController.h */ = {isa = PBXFileReference; fileEncoding = 4; lastKnownFileType = sourcecode.c.h; name = ZYXMovieListViewController.h; path = Controller/ZYXMovieListViewController.h; sourceTree = "<group>"; };
		CB68C8461BC563CB007E23DB /* ZYXMovieListViewController.m */ = {isa = PBXFileReference; fileEncoding = 4; lastKnownFileType = sourcecode.c.objc; name = ZYXMovieListViewController.m; path = Controller/ZYXMovieListViewController.m; sourceTree = "<group>"; };
		CB68C84E1BC56B68007E23DB /* ZYXCollectionViewLayout.h */ = {isa = PBXFileReference; fileEncoding = 4; lastKnownFileType = sourcecode.c.h; name = ZYXCollectionViewLayout.h; path = View/ZYXCollectionViewLayout.h; sourceTree = "<group>"; };
		CB68C84F1BC56B68007E23DB /* ZYXCollectionViewLayout.m */ = {isa = PBXFileReference; fileEncoding = 4; lastKnownFileType = sourcecode.c.objc; name = ZYXCollectionViewLayout.m; path = View/ZYXCollectionViewLayout.m; sourceTree = "<group>"; };
		CBC4434D1BC8A2D2001C196A /* ZYXPages.h */ = {isa = PBXFileReference; fileEncoding = 4; lastKnownFileType = sourcecode.c.h; path = ZYXPages.h; sourceTree = "<group>"; };
		CBC4434E1BC8A2D2001C196A /* ZYXPages.m */ = {isa = PBXFileReference; fileEncoding = 4; lastKnownFileType = sourcecode.c.objc; path = ZYXPages.m; sourceTree = "<group>"; };
		CBC443511BC8B404001C196A /* ZYXNetworkLoadingViewController.h */ = {isa = PBXFileReference; fileEncoding = 4; lastKnownFileType = sourcecode.c.h; name = ZYXNetworkLoadingViewController.h; path = Controller/ZYXNetworkLoadingViewController.h; sourceTree = "<group>"; };
		CBC443521BC8B404001C196A /* ZYXNetworkLoadingViewController.m */ = {isa = PBXFileReference; fileEncoding = 4; lastKnownFileType = sourcecode.c.objc; name = ZYXNetworkLoadingViewController.m; path = Controller/ZYXNetworkLoadingViewController.m; sourceTree = "<group>"; };
		CBC443541BC8BBC9001C196A /* ZYXActivityIndicator.h */ = {isa = PBXFileReference; fileEncoding = 4; lastKnownFileType = sourcecode.c.h; name = ZYXActivityIndicator.h; path = View/ZYXActivityIndicator.h; sourceTree = "<group>"; };
		CBC443551BC8BBC9001C196A /* ZYXActivityIndicator.m */ = {isa = PBXFileReference; fileEncoding = 4; lastKnownFileType = sourcecode.c.objc; name = ZYXActivityIndicator.m; path = View/ZYXActivityIndicator.m; sourceTree = "<group>"; };
		CBC9E6AF1BC754A400626613 /* User.h */ = {isa = PBXFileReference; fileEncoding = 4; lastKnownFileType = sourcecode.c.h; path = User.h; sourceTree = "<group>"; };
		CBC9E6B01BC754A400626613 /* User.m */ = {isa = PBXFileReference; fileEncoding = 4; lastKnownFileType = sourcecode.c.objc; path = User.m; sourceTree = "<group>"; };
		CBC9E6B31BC756AB00626613 /* Movie.h */ = {isa = PBXFileReference; fileEncoding = 4; lastKnownFileType = sourcecode.c.h; name = Movie.h; path = Model/Movie.h; sourceTree = "<group>"; };
		CBC9E6B41BC756AB00626613 /* Movie.m */ = {isa = PBXFileReference; fileEncoding = 4; lastKnownFileType = sourcecode.c.objc; name = Movie.m; path = Model/Movie.m; sourceTree = "<group>"; };
		CBC9E6B71BC758D700626613 /* List.h */ = {isa = PBXFileReference; fileEncoding = 4; lastKnownFileType = sourcecode.c.h; name = List.h; path = Model/List.h; sourceTree = "<group>"; };
		CBC9E6B81BC758D700626613 /* List.m */ = {isa = PBXFileReference; fileEncoding = 4; lastKnownFileType = sourcecode.c.objc; name = List.m; path = Model/List.m; sourceTree = "<group>"; };
		CBC9E6BB1BC76B2100626613 /* Client.h */ = {isa = PBXFileReference; fileEncoding = 4; lastKnownFileType = sourcecode.c.h; name = Client.h; path = Model/Client.h; sourceTree = "<group>"; };
		CBC9E6BC1BC76B2100626613 /* Client.m */ = {isa = PBXFileReference; fileEncoding = 4; lastKnownFileType = sourcecode.c.objc; name = Client.m; path = Model/Client.m; sourceTree = "<group>"; };
		CBC9E6C51BC7EBB600626613 /* ZYXMovieCollectionViewCell.h */ = {isa = PBXFileReference; fileEncoding = 4; lastKnownFileType = sourcecode.c.h; name = ZYXMovieCollectionViewCell.h; path = View/ZYXMovieCollectionViewCell.h; sourceTree = "<group>"; };
		CBC9E6C61BC7EBB600626613 /* ZYXMovieCollectionViewCell.m */ = {isa = PBXFileReference; fileEncoding = 4; lastKnownFileType = sourcecode.c.objc; name = ZYXMovieCollectionViewCell.m; path = View/ZYXMovieCollectionViewCell.m; sourceTree = "<group>"; };
		CBF7CF7B1BCB423D00E88181 /* MovieDetails.storyboard */ = {isa = PBXFileReference; fileEncoding = 4; lastKnownFileType = file.storyboard; path = MovieDetails.storyboard; sourceTree = "<group>"; };
		CBF7CF7D1BCB456400E88181 /* ZYXMovieListRefreshView.h */ = {isa = PBXFileReference; fileEncoding = 4; lastKnownFileType = sourcecode.c.h; name = ZYXMovieListRefreshView.h; path = View/ZYXMovieListRefreshView.h; sourceTree = "<group>"; };
		CBF7CF7E1BCB456400E88181 /* ZYXMovieListRefreshView.m */ = {isa = PBXFileReference; fileEncoding = 4; lastKnownFileType = sourcecode.c.objc; name = ZYXMovieListRefreshView.m; path = View/ZYXMovieListRefreshView.m; sourceTree = "<group>"; };
		CBF7CF811BCB606500E88181 /* ZYXMovieDetailRefreshItem.h */ = {isa = PBXFileReference; fileEncoding = 4; lastKnownFileType = sourcecode.c.h; name = ZYXMovieDetailRefreshItem.h; path = View/ZYXMovieDetailRefreshItem.h; sourceTree = "<group>"; };
		CBF7CF821BCB606500E88181 /* ZYXMovieDetailRefreshItem.m */ = {isa = PBXFileReference; fileEncoding = 4; lastKnownFileType = sourcecode.c.objc; name = ZYXMovieDetailRefreshItem.m; path = View/ZYXMovieDetailRefreshItem.m; sourceTree = "<group>"; };
		E49610AFB1F024950CCD69F5 /* Pods_MovieAndI.framework */ = {isa = PBXFileReference; explicitFileType = wrapper.framework; includeInIndex = 0; path = Pods_MovieAndI.framework; sourceTree = BUILT_PRODUCTS_DIR; };
		EF3EB328C37C1515668DE5E2 /* Pods-MovieAndI.release.xcconfig */ = {isa = PBXFileReference; includeInIndex = 1; lastKnownFileType = text.xcconfig; name = "Pods-MovieAndI.release.xcconfig"; path = "Pods/Target Support Files/Pods-MovieAndI/Pods-MovieAndI.release.xcconfig"; sourceTree = "<group>"; };
/* End PBXFileReference section */

/* Begin PBXFrameworksBuildPhase section */
		CB09800B1BBE295D00679768 /* Frameworks */ = {
			isa = PBXFrameworksBuildPhase;
			buildActionMask = 2147483647;
			files = (
				D8E3902729235BD7DFF9548E /* Pods_MovieAndI.framework in Frameworks */,
			);
			runOnlyForDeploymentPostprocessing = 0;
		};
		CB0980271BBE295E00679768 /* Frameworks */ = {
			isa = PBXFrameworksBuildPhase;
			buildActionMask = 2147483647;
			files = (
				CA17BB5AC81C4BC85B2CC557 /* libPods-MovieAndITests.a in Frameworks */,
			);
			runOnlyForDeploymentPostprocessing = 0;
		};
		CB0980321BBE295E00679768 /* Frameworks */ = {
			isa = PBXFrameworksBuildPhase;
			buildActionMask = 2147483647;
			files = (
			);
			runOnlyForDeploymentPostprocessing = 0;
		};
/* End PBXFrameworksBuildPhase section */

/* Begin PBXGroup section */
		614678916421D6CAAA31A77A /* Frameworks */ = {
			isa = PBXGroup;
			children = (
				9C726781BF648FD84B5F2467 /* libPods-MovieAndITests.a */,
				E49610AFB1F024950CCD69F5 /* Pods_MovieAndI.framework */,
			);
			name = Frameworks;
			sourceTree = "<group>";
		};
		CB0980051BBE295D00679768 = {
			isa = PBXGroup;
			children = (
				CB0980101BBE295D00679768 /* MovieAndI */,
				CB09802D1BBE295E00679768 /* MovieAndITest */,
				CB0980381BBE295E00679768 /* MovieAndIUITests */,
				CB09800F1BBE295D00679768 /* Products */,
				E608AF923E6BA9A699CE74E0 /* Pods */,
				614678916421D6CAAA31A77A /* Frameworks */,
			);
			sourceTree = "<group>";
		};
		CB09800F1BBE295D00679768 /* Products */ = {
			isa = PBXGroup;
			children = (
				CB09800E1BBE295D00679768 /* MovieAndI.app */,
				CB09802A1BBE295E00679768 /* MovieAndITests.xctest */,
				CB0980351BBE295E00679768 /* MovieAndIUITests.xctest */,
			);
			name = Products;
			sourceTree = "<group>";
		};
		CB0980101BBE295D00679768 /* MovieAndI */ = {
			isa = PBXGroup;
			children = (
				CB0980141BBE295D00679768 /* AppDelegate.h */,
				CB0980151BBE295D00679768 /* AppDelegate.m */,
				CB0980201BBE295D00679768 /* Assets.xcassets */,
				CB2ED3F21BC2BF9000DAB877 /* Model */,
				CB2ED3E11BC2980A00DAB877 /* Utilities */,
				CB4E4AAB1BC216FC004B9382 /* Storyboard */,
				CB0980111BBE295D00679768 /* Supporting Files */,
				CB09804A1BBE378A00679768 /* Networking */,
				CB4E4AB31BC21FDE004B9382 /* Controller */,
				CB4E4ABA1BC22A16004B9382 /* View */,
			);
			path = MovieAndI;
			sourceTree = "<group>";
		};
		CB0980111BBE295D00679768 /* Supporting Files */ = {
			isa = PBXGroup;
			children = (
				CB0980251BBE295D00679768 /* Info.plist */,
				CB0980121BBE295D00679768 /* main.m */,
			);
			name = "Supporting Files";
			sourceTree = "<group>";
		};
		CB09802D1BBE295E00679768 /* MovieAndITest */ = {
			isa = PBXGroup;
			children = (
				CB09802E1BBE295E00679768 /* MovieAndITests.m */,
				CB0980301BBE295E00679768 /* Info.plist */,
				CB2AF7881BC1F55400075802 /* TMDBClientTest.m */,
			);
			name = MovieAndITest;
			path = MovieAndITests;
			sourceTree = "<group>";
		};
		CB0980381BBE295E00679768 /* MovieAndIUITests */ = {
			isa = PBXGroup;
			children = (
				CB0980391BBE295E00679768 /* MovieAndIUITests.m */,
				CB09803B1BBE295E00679768 /* Info.plist */,
			);
			path = MovieAndIUITests;
			sourceTree = "<group>";
		};
		CB09804A1BBE378A00679768 /* Networking */ = {
			isa = PBXGroup;
			children = (
				CB09804B1BBE391000679768 /* ZYXTMDBClient.h */,
				CB09804C1BBE391000679768 /* ZYXTMDBClient.m */,
				CB0DF06D1BC95DDD00273861 /* ZYXConfig.h */,
				CB0DF06E1BC95DDD00273861 /* ZYXConfig.m */,
				CB2ED3EC1BC2A5FB00DAB877 /* ZYXTMDBClient+ZYXConvenience.h */,
				CB2ED3ED1BC2A5FB00DAB877 /* ZYXTMDBClient+ZYXConvenience.m */,
				CB2ED3FA1BC2C70D00DAB877 /* ZYXTMDBClient+ZYXConstants.h */,
				CB2ED3FB1BC2C70D00DAB877 /* ZYXTMDBClient+ZYXConstants.m */,
			);
			name = Networking;
			sourceTree = "<group>";
		};
		CB2ED3E11BC2980A00DAB877 /* Utilities */ = {
			isa = PBXGroup;
			children = (
				CB2ED3E21BC2983C00DAB877 /* Utils */,
			);
			name = Utilities;
			sourceTree = "<group>";
		};
		CB2ED3E21BC2983C00DAB877 /* Utils */ = {
			isa = PBXGroup;
			children = (
				CB2ED3DE1BC2980500DAB877 /* StoryBoardUtilities.h */,
				CB2ED3DF1BC2980500DAB877 /* StoryBoardUtilities.m */,
				CBC443511BC8B404001C196A /* ZYXNetworkLoadingViewController.h */,
				CBC443521BC8B404001C196A /* ZYXNetworkLoadingViewController.m */,
				CB00E2CA1BCBE789005C8BFA /* Color+Hex.h */,
				CB00E2CB1BCBE789005C8BFA /* Color+Hex.m */,
			);
			name = Utils;
			sourceTree = "<group>";
		};
		CB2ED3E51BC2997700DAB877 /* SignIn */ = {
			isa = PBXGroup;
			children = (
				CB4E4AB41BC2200B004B9382 /* ZYXSignInViewController.h */,
				CB4E4AB51BC2200B004B9382 /* ZYXSignInViewController.m */,
				CB2ED3EF1BC2AC3000DAB877 /* ZYXAuthViewController.h */,
				CB2ED3F01BC2AC3000DAB877 /* ZYXAuthViewController.m */,
			);
			name = SignIn;
			sourceTree = "<group>";
		};
		CB2ED3E91BC299C000DAB877 /* TabBar */ = {
			isa = PBXGroup;
			children = (
				CB2ED3E61BC299BC00DAB877 /* ZYXTabBarController.h */,
				CB2ED3E71BC299BC00DAB877 /* ZYXTabBarController.m */,
			);
			name = TabBar;
			sourceTree = "<group>";
		};
		CB2ED3F21BC2BF9000DAB877 /* Model */ = {
			isa = PBXGroup;
			children = (
				CBC443501BC8A2D6001C196A /* Page */,
				CBC9E6B21BC7567D00626613 /* User */,
				CBC9E6B61BC756B000626613 /* Movie */,
				CBC9E6BA1BC758DA00626613 /* List */,
				CBC9E6BE1BC76B2400626613 /* Client */,
			);
			name = Model;
			sourceTree = "<group>";
		};
		CB4E4AAB1BC216FC004B9382 /* Storyboard */ = {
			isa = PBXGroup;
			children = (
				CB4E4AAE1BC21F33004B9382 /* LaunchScreen.storyboard */,
				CB4E4AAC1BC21731004B9382 /* SignIn.storyboard */,
				CB68C8311BC532EB007E23DB /* TabBarController.storyboard */,
				CB68C8361BC55A70007E23DB /* DiscoverPage.storyboard */,
				CB3468931BCA9C3D002F2955 /* MovieList.storyboard */,
				CBF7CF7B1BCB423D00E88181 /* MovieDetails.storyboard */,
			);
			name = Storyboard;
			sourceTree = "<group>";
		};
		CB4E4AB31BC21FDE004B9382 /* Controller */ = {
			isa = PBXGroup;
			children = (
				CB2ED3E51BC2997700DAB877 /* SignIn */,
				CB2ED3E91BC299C000DAB877 /* TabBar */,
				CB68C83B1BC55AC9007E23DB /* DiscoverPage */,
				CB68C8411BC562DD007E23DB /* MovieCollection */,
			);
			name = Controller;
			sourceTree = "<group>";
		};
		CB4E4ABA1BC22A16004B9382 /* View */ = {
			isa = PBXGroup;
			children = (
				CBC9E6C31BC7EB7400626613 /* Button */,
				CBC9E6C41BC7EB7E00626613 /* Layout */,
				CBC9E6C81BC7EBBA00626613 /* Cell */,
				CBC443571BC8BBCD001C196A /* ActivityIndicator */,
				CBF7CF801BCB456800E88181 /* RefreshView */,
			);
			name = View;
			sourceTree = "<group>";
		};
		CB68C83B1BC55AC9007E23DB /* DiscoverPage */ = {
			isa = PBXGroup;
			children = (
				CB68C8381BC55AC5007E23DB /* ZYXDiscoverPageViewController.h */,
				CB68C8391BC55AC5007E23DB /* ZYXDiscoverPageViewController.m */,
				CB00E2CD1BCBE850005C8BFA /* CAPSPageMenu.h */,
				CB00E2CE1BCBE850005C8BFA /* CAPSPageMenu.m */,
			);
			name = DiscoverPage;
			sourceTree = "<group>";
		};
		CB68C8411BC562DD007E23DB /* MovieCollection */ = {
			isa = PBXGroup;
			children = (
				CB68C8451BC563CB007E23DB /* ZYXMovieListViewController.h */,
				CB68C8461BC563CB007E23DB /* ZYXMovieListViewController.m */,
			);
			name = MovieCollection;
			sourceTree = "<group>";
		};
		CBC443501BC8A2D6001C196A /* Page */ = {
			isa = PBXGroup;
			children = (
				CBC4434D1BC8A2D2001C196A /* ZYXPages.h */,
				CBC4434E1BC8A2D2001C196A /* ZYXPages.m */,
			);
			name = Page;
			sourceTree = "<group>";
		};
		CBC443571BC8BBCD001C196A /* ActivityIndicator */ = {
			isa = PBXGroup;
			children = (
				CBC443541BC8BBC9001C196A /* ZYXActivityIndicator.h */,
				CBC443551BC8BBC9001C196A /* ZYXActivityIndicator.m */,
			);
			name = ActivityIndicator;
			sourceTree = "<group>";
		};
		CBC9E6B21BC7567D00626613 /* User */ = {
			isa = PBXGroup;
			children = (
				CBC9E6AF1BC754A400626613 /* User.h */,
				CBC9E6B01BC754A400626613 /* User.m */,
			);
			name = User;
			sourceTree = "<group>";
		};
		CBC9E6B61BC756B000626613 /* Movie */ = {
			isa = PBXGroup;
			children = (
				CBC9E6B31BC756AB00626613 /* Movie.h */,
				CBC9E6B41BC756AB00626613 /* Movie.m */,
			);
			name = Movie;
			sourceTree = "<group>";
		};
		CBC9E6BA1BC758DA00626613 /* List */ = {
			isa = PBXGroup;
			children = (
				CBC9E6B71BC758D700626613 /* List.h */,
				CBC9E6B81BC758D700626613 /* List.m */,
			);
			name = List;
			sourceTree = "<group>";
		};
		CBC9E6BE1BC76B2400626613 /* Client */ = {
			isa = PBXGroup;
			children = (
				CBC9E6BB1BC76B2100626613 /* Client.h */,
				CBC9E6BC1BC76B2100626613 /* Client.m */,
			);
			name = Client;
			sourceTree = "<group>";
		};
		CBC9E6C31BC7EB7400626613 /* Button */ = {
			isa = PBXGroup;
			children = (
				CB4E4AB71BC229F5004B9382 /* borderedButton.h */,
				CB4E4AB81BC229F5004B9382 /* borderedButton.m */,
			);
			name = Button;
			sourceTree = "<group>";
		};
		CBC9E6C41BC7EB7E00626613 /* Layout */ = {
			isa = PBXGroup;
			children = (
				CB68C84E1BC56B68007E23DB /* ZYXCollectionViewLayout.h */,
				CB68C84F1BC56B68007E23DB /* ZYXCollectionViewLayout.m */,
			);
			name = Layout;
			sourceTree = "<group>";
		};
		CBC9E6C81BC7EBBA00626613 /* Cell */ = {
			isa = PBXGroup;
			children = (
				CBC9E6C91BC7EBC700626613 /* MovieCollectionCell */,
			);
			name = Cell;
			sourceTree = "<group>";
		};
		CBC9E6C91BC7EBC700626613 /* MovieCollectionCell */ = {
			isa = PBXGroup;
			children = (
				CBC9E6C51BC7EBB600626613 /* ZYXMovieCollectionViewCell.h */,
				CBC9E6C61BC7EBB600626613 /* ZYXMovieCollectionViewCell.m */,
			);
			name = MovieCollectionCell;
			sourceTree = "<group>";
		};
		CBF7CF801BCB456800E88181 /* RefreshView */ = {
			isa = PBXGroup;
			children = (
				CBF7CF7D1BCB456400E88181 /* ZYXMovieListRefreshView.h */,
				CBF7CF7E1BCB456400E88181 /* ZYXMovieListRefreshView.m */,
				CBF7CF811BCB606500E88181 /* ZYXMovieDetailRefreshItem.h */,
				CBF7CF821BCB606500E88181 /* ZYXMovieDetailRefreshItem.m */,
			);
			name = RefreshView;
			sourceTree = "<group>";
		};
		E608AF923E6BA9A699CE74E0 /* Pods */ = {
			isa = PBXGroup;
			children = (
				B73F5E4CE2E4D45B2AE4632F /* Pods-MovieAndITests.debug.xcconfig */,
				8F485A0506138B3282EA233C /* Pods-MovieAndITests.release.xcconfig */,
				8395CAD01B667400930C18AC /* Pods-MovieAndI.debug.xcconfig */,
				EF3EB328C37C1515668DE5E2 /* Pods-MovieAndI.release.xcconfig */,
			);
			name = Pods;
			sourceTree = "<group>";
		};
/* End PBXGroup section */

/* Begin PBXNativeTarget section */
		CB09800D1BBE295D00679768 /* MovieAndI */ = {
			isa = PBXNativeTarget;
			buildConfigurationList = CB09803E1BBE295E00679768 /* Build configuration list for PBXNativeTarget "MovieAndI" */;
			buildPhases = (
				B4A5D47FA5AEADD600B156E7 /* Check Pods Manifest.lock */,
				CB09800A1BBE295D00679768 /* Sources */,
				CB09800B1BBE295D00679768 /* Frameworks */,
				CB09800C1BBE295D00679768 /* Resources */,
				32B22F43D78E21B97DBB4B2F /* Copy Pods Resources */,
				3A419D1F1B4078CB774852E7 /* Embed Pods Frameworks */,
			);
			buildRules = (
			);
			dependencies = (
			);
			name = MovieAndI;
			productName = MovieAndI;
			productReference = CB09800E1BBE295D00679768 /* MovieAndI.app */;
			productType = "com.apple.product-type.application";
		};
		CB0980291BBE295E00679768 /* MovieAndITests */ = {
			isa = PBXNativeTarget;
			buildConfigurationList = CB0980411BBE295E00679768 /* Build configuration list for PBXNativeTarget "MovieAndITests" */;
			buildPhases = (
				EA092D78E82382710F82FCB8 /* Check Pods Manifest.lock */,
				CB0980261BBE295E00679768 /* Sources */,
				CB0980271BBE295E00679768 /* Frameworks */,
				CB0980281BBE295E00679768 /* Resources */,
				058C40D0AAA0C9E1E31DD708 /* Copy Pods Resources */,
			);
			buildRules = (
			);
			dependencies = (
				CB09802C1BBE295E00679768 /* PBXTargetDependency */,
			);
			name = MovieAndITests;
			productName = MovieAndITests;
			productReference = CB09802A1BBE295E00679768 /* MovieAndITests.xctest */;
			productType = "com.apple.product-type.bundle.unit-test";
		};
		CB0980341BBE295E00679768 /* MovieAndIUITests */ = {
			isa = PBXNativeTarget;
			buildConfigurationList = CB0980441BBE295E00679768 /* Build configuration list for PBXNativeTarget "MovieAndIUITests" */;
			buildPhases = (
				CB0980311BBE295E00679768 /* Sources */,
				CB0980321BBE295E00679768 /* Frameworks */,
				CB0980331BBE295E00679768 /* Resources */,
			);
			buildRules = (
			);
			dependencies = (
				CB0980371BBE295E00679768 /* PBXTargetDependency */,
			);
			name = MovieAndIUITests;
			productName = MovieAndIUITests;
			productReference = CB0980351BBE295E00679768 /* MovieAndIUITests.xctest */;
			productType = "com.apple.product-type.bundle.ui-testing";
		};
/* End PBXNativeTarget section */

/* Begin PBXProject section */
		CB0980061BBE295D00679768 /* Project object */ = {
			isa = PBXProject;
			attributes = {
				LastUpgradeCheck = 0700;
				ORGANIZATIONNAME = "zhu yongxuan";
				TargetAttributes = {
					CB09800D1BBE295D00679768 = {
						CreatedOnToolsVersion = 7.0.1;
						DevelopmentTeam = U2K4L3737D;
					};
					CB0980291BBE295E00679768 = {
						CreatedOnToolsVersion = 7.0.1;
						DevelopmentTeam = U2K4L3737D;
						TestTargetID = CB09800D1BBE295D00679768;
					};
					CB0980341BBE295E00679768 = {
						CreatedOnToolsVersion = 7.0.1;
						DevelopmentTeam = U2K4L3737D;
						TestTargetID = CB09800D1BBE295D00679768;
					};
				};
			};
			buildConfigurationList = CB0980091BBE295D00679768 /* Build configuration list for PBXProject "MovieAndI" */;
			compatibilityVersion = "Xcode 3.2";
			developmentRegion = English;
			hasScannedForEncodings = 0;
			knownRegions = (
				en,
				Base,
			);
			mainGroup = CB0980051BBE295D00679768;
			productRefGroup = CB09800F1BBE295D00679768 /* Products */;
			projectDirPath = "";
			projectRoot = "";
			targets = (
				CB09800D1BBE295D00679768 /* MovieAndI */,
				CB0980291BBE295E00679768 /* MovieAndITests */,
				CB0980341BBE295E00679768 /* MovieAndIUITests */,
			);
		};
/* End PBXProject section */

/* Begin PBXResourcesBuildPhase section */
		CB09800C1BBE295D00679768 /* Resources */ = {
			isa = PBXResourcesBuildPhase;
			buildActionMask = 2147483647;
			files = (
				CB4E4AAF1BC21F33004B9382 /* LaunchScreen.storyboard in Resources */,
				CBF7CF7C1BCB423D00E88181 /* MovieDetails.storyboard in Resources */,
				CB4E4AAD1BC21731004B9382 /* SignIn.storyboard in Resources */,
				CB68C8321BC532EB007E23DB /* TabBarController.storyboard in Resources */,
				CB3468941BCA9C3D002F2955 /* MovieList.storyboard in Resources */,
				CB0980211BBE295D00679768 /* Assets.xcassets in Resources */,
				CB68C8371BC55A70007E23DB /* DiscoverPage.storyboard in Resources */,
			);
			runOnlyForDeploymentPostprocessing = 0;
		};
		CB0980281BBE295E00679768 /* Resources */ = {
			isa = PBXResourcesBuildPhase;
			buildActionMask = 2147483647;
			files = (
			);
			runOnlyForDeploymentPostprocessing = 0;
		};
		CB0980331BBE295E00679768 /* Resources */ = {
			isa = PBXResourcesBuildPhase;
			buildActionMask = 2147483647;
			files = (
			);
			runOnlyForDeploymentPostprocessing = 0;
		};
/* End PBXResourcesBuildPhase section */

/* Begin PBXShellScriptBuildPhase section */
		058C40D0AAA0C9E1E31DD708 /* Copy Pods Resources */ = {
			isa = PBXShellScriptBuildPhase;
			buildActionMask = 2147483647;
			files = (
			);
			inputPaths = (
			);
			name = "Copy Pods Resources";
			outputPaths = (
			);
			runOnlyForDeploymentPostprocessing = 0;
			shellPath = /bin/sh;
			shellScript = "\"${SRCROOT}/Pods/Target Support Files/Pods-MovieAndITests/Pods-MovieAndITests-resources.sh\"\n";
			showEnvVarsInLog = 0;
		};
		32B22F43D78E21B97DBB4B2F /* Copy Pods Resources */ = {
			isa = PBXShellScriptBuildPhase;
			buildActionMask = 2147483647;
			files = (
			);
			inputPaths = (
			);
			name = "Copy Pods Resources";
			outputPaths = (
			);
			runOnlyForDeploymentPostprocessing = 0;
			shellPath = /bin/sh;
			shellScript = "\"${SRCROOT}/Pods/Target Support Files/Pods-MovieAndI/Pods-MovieAndI-resources.sh\"\n";
			showEnvVarsInLog = 0;
		};
		3A419D1F1B4078CB774852E7 /* Embed Pods Frameworks */ = {
			isa = PBXShellScriptBuildPhase;
			buildActionMask = 2147483647;
			files = (
			);
			inputPaths = (
			);
			name = "Embed Pods Frameworks";
			outputPaths = (
			);
			runOnlyForDeploymentPostprocessing = 0;
			shellPath = /bin/sh;
			shellScript = "\"${SRCROOT}/Pods/Target Support Files/Pods-MovieAndI/Pods-MovieAndI-frameworks.sh\"\n";
			showEnvVarsInLog = 0;
		};
		B4A5D47FA5AEADD600B156E7 /* Check Pods Manifest.lock */ = {
			isa = PBXShellScriptBuildPhase;
			buildActionMask = 2147483647;
			files = (
			);
			inputPaths = (
			);
			name = "Check Pods Manifest.lock";
			outputPaths = (
			);
			runOnlyForDeploymentPostprocessing = 0;
			shellPath = /bin/sh;
			shellScript = "diff \"${PODS_ROOT}/../Podfile.lock\" \"${PODS_ROOT}/Manifest.lock\" > /dev/null\nif [[ $? != 0 ]] ; then\n    cat << EOM\nerror: The sandbox is not in sync with the Podfile.lock. Run 'pod install' or update your CocoaPods installation.\nEOM\n    exit 1\nfi\n";
			showEnvVarsInLog = 0;
		};
		EA092D78E82382710F82FCB8 /* Check Pods Manifest.lock */ = {
			isa = PBXShellScriptBuildPhase;
			buildActionMask = 2147483647;
			files = (
			);
			inputPaths = (
			);
			name = "Check Pods Manifest.lock";
			outputPaths = (
			);
			runOnlyForDeploymentPostprocessing = 0;
			shellPath = /bin/sh;
			shellScript = "diff \"${PODS_ROOT}/../Podfile.lock\" \"${PODS_ROOT}/Manifest.lock\" > /dev/null\nif [[ $? != 0 ]] ; then\n    cat << EOM\nerror: The sandbox is not in sync with the Podfile.lock. Run 'pod install' or update your CocoaPods installation.\nEOM\n    exit 1\nfi\n";
			showEnvVarsInLog = 0;
		};
/* End PBXShellScriptBuildPhase section */

/* Begin PBXSourcesBuildPhase section */
		CB09800A1BBE295D00679768 /* Sources */ = {
			isa = PBXSourcesBuildPhase;
			buildActionMask = 2147483647;
			files = (
				CB68C83A1BC55AC5007E23DB /* ZYXDiscoverPageViewController.m in Sources */,
				CB4E4AB91BC229F5004B9382 /* borderedButton.m in Sources */,
				CBC9E6B11BC754A400626613 /* User.m in Sources */,
				CBC9E6B51BC756AB00626613 /* Movie.m in Sources */,
				CB2ED3EE1BC2A5FB00DAB877 /* ZYXTMDBClient+ZYXConvenience.m in Sources */,
				CB0980161BBE295D00679768 /* AppDelegate.m in Sources */,
				CB09804D1BBE391000679768 /* ZYXTMDBClient.m in Sources */,
				CB2ED3E01BC2980500DAB877 /* StoryBoardUtilities.m in Sources */,
				CB0DF06F1BC95DDD00273861 /* ZYXConfig.m in Sources */,
				CBC9E6B91BC758D700626613 /* List.m in Sources */,
				CB68C8471BC563CB007E23DB /* ZYXMovieListViewController.m in Sources */,
				CB00E2CF1BCBE850005C8BFA /* CAPSPageMenu.m in Sources */,
				CB2ED3F11BC2AC3000DAB877 /* ZYXAuthViewController.m in Sources */,
				CB2ED3FC1BC2C70D00DAB877 /* ZYXTMDBClient+ZYXConstants.m in Sources */,
				CBC443531BC8B404001C196A /* ZYXNetworkLoadingViewController.m in Sources */,
				CB68C8501BC56B68007E23DB /* ZYXCollectionViewLayout.m in Sources */,
				CBC4434F1BC8A2D2001C196A /* ZYXPages.m in Sources */,
				CBF7CF831BCB606500E88181 /* ZYXMovieDetailRefreshItem.m in Sources */,
				CB0980131BBE295D00679768 /* main.m in Sources */,
				CB4E4AB61BC2200B004B9382 /* ZYXSignInViewController.m in Sources */,
				CB2ED3E81BC299BC00DAB877 /* ZYXTabBarController.m in Sources */,
				CBC9E6BD1BC76B2100626613 /* Client.m in Sources */,
				CBF7CF7F1BCB456400E88181 /* ZYXMovieListRefreshView.m in Sources */,
				CB00E2CC1BCBE789005C8BFA /* Color+Hex.m in Sources */,
				CBC443561BC8BBC9001C196A /* ZYXActivityIndicator.m in Sources */,
				CBC9E6C71BC7EBB600626613 /* ZYXMovieCollectionViewCell.m in Sources */,
			);
			runOnlyForDeploymentPostprocessing = 0;
		};
		CB0980261BBE295E00679768 /* Sources */ = {
			isa = PBXSourcesBuildPhase;
			buildActionMask = 2147483647;
			files = (
				CB09802F1BBE295E00679768 /* MovieAndITests.m in Sources */,
				CB2AF7891BC1F55400075802 /* TMDBClientTest.m in Sources */,
			);
			runOnlyForDeploymentPostprocessing = 0;
		};
		CB0980311BBE295E00679768 /* Sources */ = {
			isa = PBXSourcesBuildPhase;
			buildActionMask = 2147483647;
			files = (
				CB09803A1BBE295E00679768 /* MovieAndIUITests.m in Sources */,
			);
			runOnlyForDeploymentPostprocessing = 0;
		};
/* End PBXSourcesBuildPhase section */

/* Begin PBXTargetDependency section */
		CB09802C1BBE295E00679768 /* PBXTargetDependency */ = {
			isa = PBXTargetDependency;
			target = CB09800D1BBE295D00679768 /* MovieAndI */;
			targetProxy = CB09802B1BBE295E00679768 /* PBXContainerItemProxy */;
		};
		CB0980371BBE295E00679768 /* PBXTargetDependency */ = {
			isa = PBXTargetDependency;
			target = CB09800D1BBE295D00679768 /* MovieAndI */;
			targetProxy = CB0980361BBE295E00679768 /* PBXContainerItemProxy */;
		};
/* End PBXTargetDependency section */

/* Begin XCBuildConfiguration section */
		CB09803C1BBE295E00679768 /* Debug */ = {
			isa = XCBuildConfiguration;
			buildSettings = {
				ALWAYS_SEARCH_USER_PATHS = NO;
				CLANG_CXX_LANGUAGE_STANDARD = "gnu++0x";
				CLANG_CXX_LIBRARY = "libc++";
				CLANG_ENABLE_MODULES = YES;
				CLANG_ENABLE_OBJC_ARC = YES;
				CLANG_WARN_BOOL_CONVERSION = YES;
				CLANG_WARN_CONSTANT_CONVERSION = YES;
				CLANG_WARN_DIRECT_OBJC_ISA_USAGE = YES_ERROR;
				CLANG_WARN_EMPTY_BODY = YES;
				CLANG_WARN_ENUM_CONVERSION = YES;
				CLANG_WARN_INT_CONVERSION = YES;
				CLANG_WARN_OBJC_ROOT_CLASS = YES_ERROR;
				CLANG_WARN_UNREACHABLE_CODE = YES;
				CLANG_WARN__DUPLICATE_METHOD_MATCH = YES;
				"CODE_SIGN_IDENTITY[sdk=iphoneos*]" = "iPhone Developer";
				COPY_PHASE_STRIP = NO;
				DEBUG_INFORMATION_FORMAT = dwarf;
				ENABLE_STRICT_OBJC_MSGSEND = YES;
				ENABLE_TESTABILITY = YES;
				GCC_C_LANGUAGE_STANDARD = gnu99;
				GCC_DYNAMIC_NO_PIC = NO;
				GCC_NO_COMMON_BLOCKS = YES;
				GCC_OPTIMIZATION_LEVEL = 0;
				GCC_PREPROCESSOR_DEFINITIONS = (
					"DEBUG=1",
					"$(inherited)",
				);
				GCC_WARN_64_TO_32_BIT_CONVERSION = YES;
				GCC_WARN_ABOUT_RETURN_TYPE = YES_ERROR;
				GCC_WARN_UNDECLARED_SELECTOR = YES;
				GCC_WARN_UNINITIALIZED_AUTOS = YES_AGGRESSIVE;
				GCC_WARN_UNUSED_FUNCTION = YES;
				GCC_WARN_UNUSED_VARIABLE = YES;
				IPHONEOS_DEPLOYMENT_TARGET = 9.0;
				MTL_ENABLE_DEBUG_INFO = YES;
				ONLY_ACTIVE_ARCH = YES;
				SDKROOT = iphoneos;
			};
			name = Debug;
		};
		CB09803D1BBE295E00679768 /* Release */ = {
			isa = XCBuildConfiguration;
			buildSettings = {
				ALWAYS_SEARCH_USER_PATHS = NO;
				CLANG_CXX_LANGUAGE_STANDARD = "gnu++0x";
				CLANG_CXX_LIBRARY = "libc++";
				CLANG_ENABLE_MODULES = YES;
				CLANG_ENABLE_OBJC_ARC = YES;
				CLANG_WARN_BOOL_CONVERSION = YES;
				CLANG_WARN_CONSTANT_CONVERSION = YES;
				CLANG_WARN_DIRECT_OBJC_ISA_USAGE = YES_ERROR;
				CLANG_WARN_EMPTY_BODY = YES;
				CLANG_WARN_ENUM_CONVERSION = YES;
				CLANG_WARN_INT_CONVERSION = YES;
				CLANG_WARN_OBJC_ROOT_CLASS = YES_ERROR;
				CLANG_WARN_UNREACHABLE_CODE = YES;
				CLANG_WARN__DUPLICATE_METHOD_MATCH = YES;
				"CODE_SIGN_IDENTITY[sdk=iphoneos*]" = "iPhone Developer";
				COPY_PHASE_STRIP = NO;
				DEBUG_INFORMATION_FORMAT = "dwarf-with-dsym";
				ENABLE_NS_ASSERTIONS = NO;
				ENABLE_STRICT_OBJC_MSGSEND = YES;
				GCC_C_LANGUAGE_STANDARD = gnu99;
				GCC_NO_COMMON_BLOCKS = YES;
				GCC_WARN_64_TO_32_BIT_CONVERSION = YES;
				GCC_WARN_ABOUT_RETURN_TYPE = YES_ERROR;
				GCC_WARN_UNDECLARED_SELECTOR = YES;
				GCC_WARN_UNINITIALIZED_AUTOS = YES_AGGRESSIVE;
				GCC_WARN_UNUSED_FUNCTION = YES;
				GCC_WARN_UNUSED_VARIABLE = YES;
				IPHONEOS_DEPLOYMENT_TARGET = 9.0;
				MTL_ENABLE_DEBUG_INFO = NO;
				SDKROOT = iphoneos;
				VALIDATE_PRODUCT = YES;
			};
			name = Release;
		};
		CB09803F1BBE295E00679768 /* Debug */ = {
			isa = XCBuildConfiguration;
			baseConfigurationReference = 8395CAD01B667400930C18AC /* Pods-MovieAndI.debug.xcconfig */;
			buildSettings = {
				ASSETCATALOG_COMPILER_APPICON_NAME = AppIcon;
				INFOPLIST_FILE = MovieAndI/Info.plist;
				LD_RUNPATH_SEARCH_PATHS = "$(inherited) @executable_path/Frameworks";
				PRODUCT_BUNDLE_IDENTIFIER = "com.zhu-yongxuan.MovieAndI";
				PRODUCT_NAME = "$(TARGET_NAME)";
			};
			name = Debug;
		};
		CB0980401BBE295E00679768 /* Release */ = {
			isa = XCBuildConfiguration;
			baseConfigurationReference = EF3EB328C37C1515668DE5E2 /* Pods-MovieAndI.release.xcconfig */;
			buildSettings = {
				ASSETCATALOG_COMPILER_APPICON_NAME = AppIcon;
				INFOPLIST_FILE = MovieAndI/Info.plist;
				LD_RUNPATH_SEARCH_PATHS = "$(inherited) @executable_path/Frameworks";
				PRODUCT_BUNDLE_IDENTIFIER = "com.zhu-yongxuan.MovieAndI";
				PRODUCT_NAME = "$(TARGET_NAME)";
			};
			name = Release;
		};
		CB0980421BBE295E00679768 /* Debug */ = {
			isa = XCBuildConfiguration;
			baseConfigurationReference = B73F5E4CE2E4D45B2AE4632F /* Pods-MovieAndITests.debug.xcconfig */;
			buildSettings = {
				BUNDLE_LOADER = "$(TEST_HOST)";
				INFOPLIST_FILE = MovieAndITests/Info.plist;
				LD_RUNPATH_SEARCH_PATHS = "$(inherited) @executable_path/Frameworks @loader_path/Frameworks";
				PRODUCT_BUNDLE_IDENTIFIER = "com.zhu-yongxuan.MovieAndITests";
				PRODUCT_NAME = "$(TARGET_NAME)";
				TEST_HOST = "$(BUILT_PRODUCTS_DIR)/MovieAndI.app/MovieAndI";
			};
			name = Debug;
		};
		CB0980431BBE295E00679768 /* Release */ = {
			isa = XCBuildConfiguration;
			baseConfigurationReference = 8F485A0506138B3282EA233C /* Pods-MovieAndITests.release.xcconfig */;
			buildSettings = {
				BUNDLE_LOADER = "$(TEST_HOST)";
				INFOPLIST_FILE = MovieAndITests/Info.plist;
				LD_RUNPATH_SEARCH_PATHS = "$(inherited) @executable_path/Frameworks @loader_path/Frameworks";
				PRODUCT_BUNDLE_IDENTIFIER = "com.zhu-yongxuan.MovieAndITests";
				PRODUCT_NAME = "$(TARGET_NAME)";
				TEST_HOST = "$(BUILT_PRODUCTS_DIR)/MovieAndI.app/MovieAndI";
			};
			name = Release;
		};
		CB0980451BBE295E00679768 /* Debug */ = {
			isa = XCBuildConfiguration;
			buildSettings = {
				INFOPLIST_FILE = MovieAndIUITests/Info.plist;
				LD_RUNPATH_SEARCH_PATHS = "$(inherited) @executable_path/Frameworks @loader_path/Frameworks";
				PRODUCT_BUNDLE_IDENTIFIER = "com.zhu-yongxuan.MovieAndIUITests";
				PRODUCT_NAME = "$(TARGET_NAME)";
				TEST_TARGET_NAME = MovieAndI;
				USES_XCTRUNNER = YES;
			};
			name = Debug;
		};
		CB0980461BBE295E00679768 /* Release */ = {
			isa = XCBuildConfiguration;
			buildSettings = {
				INFOPLIST_FILE = MovieAndIUITests/Info.plist;
				LD_RUNPATH_SEARCH_PATHS = "$(inherited) @executable_path/Frameworks @loader_path/Frameworks";
				PRODUCT_BUNDLE_IDENTIFIER = "com.zhu-yongxuan.MovieAndIUITests";
				PRODUCT_NAME = "$(TARGET_NAME)";
				TEST_TARGET_NAME = MovieAndI;
				USES_XCTRUNNER = YES;
			};
			name = Release;
		};
/* End XCBuildConfiguration section */

/* Begin XCConfigurationList section */
		CB0980091BBE295D00679768 /* Build configuration list for PBXProject "MovieAndI" */ = {
			isa = XCConfigurationList;
			buildConfigurations = (
				CB09803C1BBE295E00679768 /* Debug */,
				CB09803D1BBE295E00679768 /* Release */,
			);
			defaultConfigurationIsVisible = 0;
			defaultConfigurationName = Release;
		};
		CB09803E1BBE295E00679768 /* Build configuration list for PBXNativeTarget "MovieAndI" */ = {
			isa = XCConfigurationList;
			buildConfigurations = (
				CB09803F1BBE295E00679768 /* Debug */,
				CB0980401BBE295E00679768 /* Release */,
			);
			defaultConfigurationIsVisible = 0;
			defaultConfigurationName = Release;
		};
		CB0980411BBE295E00679768 /* Build configuration list for PBXNativeTarget "MovieAndITests" */ = {
			isa = XCConfigurationList;
			buildConfigurations = (
				CB0980421BBE295E00679768 /* Debug */,
				CB0980431BBE295E00679768 /* Release */,
			);
			defaultConfigurationIsVisible = 0;
			defaultConfigurationName = Release;
		};
		CB0980441BBE295E00679768 /* Build configuration list for PBXNativeTarget "MovieAndIUITests" */ = {
			isa = XCConfigurationList;
			buildConfigurations = (
				CB0980451BBE295E00679768 /* Debug */,
				CB0980461BBE295E00679768 /* Release */,
			);
			defaultConfigurationIsVisible = 0;
			defaultConfigurationName = Release;
		};
/* End XCConfigurationList section */
	};
	rootObject = CB0980061BBE295D00679768 /* Project object */;
}
